// !$*UTF8*$!
{
	archiveVersion = 1;
	classes = {
	};
	objectVersion = 50;
	objects = {

/* Begin PBXBuildFile section */
		1177636F2112F7B5006C461A /* AppDelegate.m in Sources */ = {isa = PBXBuildFile; fileRef = 1177636E2112F7B5006C461A /* AppDelegate.m */; };
		117763772112F7B9006C461A /* Assets.xcassets in Resources */ = {isa = PBXBuildFile; fileRef = 117763762112F7B9006C461A /* Assets.xcassets */; };
		1177637A2112F7B9006C461A /* LaunchScreen.storyboard in Resources */ = {isa = PBXBuildFile; fileRef = 117763782112F7B9006C461A /* LaunchScreen.storyboard */; };
		1177637D2112F7B9006C461A /* main.m in Sources */ = {isa = PBXBuildFile; fileRef = 1177637C2112F7B9006C461A /* main.m */; };
		117763872112F7B9006C461A /* PlayImageToolTests.m in Sources */ = {isa = PBXBuildFile; fileRef = 117763862112F7B9006C461A /* PlayImageToolTests.m */; };
		117763922112F7B9006C461A /* PlayImageToolUITests.m in Sources */ = {isa = PBXBuildFile; fileRef = 117763912112F7B9006C461A /* PlayImageToolUITests.m */; };
		117763A32112FD1B006C461A /* TouchMoveScaleView.m in Sources */ = {isa = PBXBuildFile; fileRef = 117763A22112FD1B006C461A /* TouchMoveScaleView.m */; };
		117763A82112FE85006C461A /* UIKit.framework in Frameworks */ = {isa = PBXBuildFile; fileRef = 117763A72112FE85006C461A /* UIKit.framework */; };
		117763AA2112FE8E006C461A /* Foundation.framework in Frameworks */ = {isa = PBXBuildFile; fileRef = 117763A92112FE8E006C461A /* Foundation.framework */; };
		117763AC2112FEA1006C461A /* CoreGraphics.framework in Frameworks */ = {isa = PBXBuildFile; fileRef = 117763AB2112FEA1006C461A /* CoreGraphics.framework */; };
		117763AE2112FEA8006C461A /* QuartzCore.framework in Frameworks */ = {isa = PBXBuildFile; fileRef = 117763AD2112FEA8006C461A /* QuartzCore.framework */; };
		117763B42112FF92006C461A /* ImageProcessingViewController.m in Sources */ = {isa = PBXBuildFile; fileRef = 117763B22112FF92006C461A /* ImageProcessingViewController.m */; };
		117763B52112FF92006C461A /* ImageUtil.m in Sources */ = {isa = PBXBuildFile; fileRef = 117763B32112FF92006C461A /* ImageUtil.m */; };
		117763B72112FF99006C461A /* Icon.png in Resources */ = {isa = PBXBuildFile; fileRef = 117763B62112FF99006C461A /* Icon.png */; };
		117763B9211301DF006C461A /* ImageProcessingViewController.xib in Resources */ = {isa = PBXBuildFile; fileRef = 117763B8211301DF006C461A /* ImageProcessingViewController.xib */; };
		11D3CE2C2113EAD700BA49BF /* XDNetRequestClass.m in Sources */ = {isa = PBXBuildFile; fileRef = 11D3CE2B2113EAD300BA49BF /* XDNetRequestClass.m */; };
		11D3CE31211401FB00BA49BF /* XDSettingCtrl.m in Sources */ = {isa = PBXBuildFile; fileRef = 11D3CE30211401FB00BA49BF /* XDSettingCtrl.m */; };
		11D3CE34211408BA00BA49BF /* XDMoreCtrl.m in Sources */ = {isa = PBXBuildFile; fileRef = 11D3CE33211408BA00BA49BF /* XDMoreCtrl.m */; };
		11D3CE3721142CDD00BA49BF /* UMCommon.framework in Frameworks */ = {isa = PBXBuildFile; fileRef = 11D3CE3621142CDD00BA49BF /* UMCommon.framework */; };
		11D3CE3F21142DD500BA49BF /* libsqlite3.tbd in Frameworks */ = {isa = PBXBuildFile; fileRef = 11D3CE3E21142DD500BA49BF /* libsqlite3.tbd */; };
		11D3CE4121142E0B00BA49BF /* SystemConfiguration.framework in Frameworks */ = {isa = PBXBuildFile; fileRef = 11D3CE4021142E0B00BA49BF /* SystemConfiguration.framework */; };
		11D3CE4321142E1400BA49BF /* CoreTelephony.framework in Frameworks */ = {isa = PBXBuildFile; fileRef = 11D3CE4221142E1400BA49BF /* CoreTelephony.framework */; };
		11D3CE4521142E3600BA49BF /* libc++.tbd in Frameworks */ = {isa = PBXBuildFile; fileRef = 11D3CE4421142E3600BA49BF /* libc++.tbd */; };
		11D3CE4721142E4000BA49BF /* libz.tbd in Frameworks */ = {isa = PBXBuildFile; fileRef = 11D3CE4621142E4000BA49BF /* libz.tbd */; };
		11D3CE4921142E5B00BA49BF /* Photos.framework in Frameworks */ = {isa = PBXBuildFile; fileRef = 11D3CE4821142E5A00BA49BF /* Photos.framework */; };
		11D3CE4C2114449700BA49BF /* XDShareSetFriendView.m in Sources */ = {isa = PBXBuildFile; fileRef = 11D3CE4A2114449700BA49BF /* XDShareSetFriendView.m */; };
		11D3CE4F211445CC00BA49BF /* UIView+syCategory.m in Sources */ = {isa = PBXBuildFile; fileRef = 11D3CE4E211445CC00BA49BF /* UIView+syCategory.m */; };
		11D3CE5721144DB500BA49BF /* libSocialQQ.a in Frameworks */ = {isa = PBXBuildFile; fileRef = 11D3CE5521144DB300BA49BF /* libSocialQQ.a */; };
		11D3CE5B21144DC700BA49BF /* libSocialSina.a in Frameworks */ = {isa = PBXBuildFile; fileRef = 11D3CE5921144DC600BA49BF /* libSocialSina.a */; };
		11D3CE5F21144DDD00BA49BF /* libSocialWeChat.a in Frameworks */ = {isa = PBXBuildFile; fileRef = 11D3CE5D21144DDC00BA49BF /* libSocialWeChat.a */; };
		11D3CE6121144DE900BA49BF /* UMShare.framework in Frameworks */ = {isa = PBXBuildFile; fileRef = 11D3CE6021144DE900BA49BF /* UMShare.framework */; };
		11D3CE64211456B200BA49BF /* XDNavigationCtrl.m in Sources */ = {isa = PBXBuildFile; fileRef = 11D3CE63211456B200BA49BF /* XDNavigationCtrl.m */; };
		45D5FEA6D86FE0BF371B909C /* libPods-PlayImageTool.a in Frameworks */ = {isa = PBXBuildFile; fileRef = 4A48ED5A9E60C88E862DF179 /* libPods-PlayImageTool.a */; };
		A1889BFC21134CFE003AAF87 /* ItemCell.m in Sources */ = {isa = PBXBuildFile; fileRef = A1889BF821134CFE003AAF87 /* ItemCell.m */; };
		A1889BFD21134CFE003AAF87 /* ItemModel.m in Sources */ = {isa = PBXBuildFile; fileRef = A1889BFA21134CFE003AAF87 /* ItemModel.m */; };
		A1889C0521134D81003AAF87 /* ViewController.m in Sources */ = {isa = PBXBuildFile; fileRef = A1889C0421134D81003AAF87 /* ViewController.m */; };
		A1889C0F211352B9003AAF87 /* ViewController.storyboard in Resources */ = {isa = PBXBuildFile; fileRef = A1889C0E211352B9003AAF87 /* ViewController.storyboard */; };
/* End PBXBuildFile section */

/* Begin PBXContainerItemProxy section */
		117763832112F7B9006C461A /* PBXContainerItemProxy */ = {
			isa = PBXContainerItemProxy;
			containerPortal = 117763622112F7B5006C461A /* Project object */;
			proxyType = 1;
			remoteGlobalIDString = 117763692112F7B5006C461A;
			remoteInfo = PlayImageTool;
		};
		1177638E2112F7B9006C461A /* PBXContainerItemProxy */ = {
			isa = PBXContainerItemProxy;
			containerPortal = 117763622112F7B5006C461A /* Project object */;
			proxyType = 1;
			remoteGlobalIDString = 117763692112F7B5006C461A;
			remoteInfo = PlayImageTool;
		};
/* End PBXContainerItemProxy section */

/* Begin PBXFileReference section */
		1177636A2112F7B5006C461A /* PlayImageTool.app */ = {isa = PBXFileReference; explicitFileType = wrapper.application; includeInIndex = 0; path = PlayImageTool.app; sourceTree = BUILT_PRODUCTS_DIR; };
		1177636D2112F7B5006C461A /* AppDelegate.h */ = {isa = PBXFileReference; lastKnownFileType = sourcecode.c.h; path = AppDelegate.h; sourceTree = "<group>"; };
		1177636E2112F7B5006C461A /* AppDelegate.m */ = {isa = PBXFileReference; lastKnownFileType = sourcecode.c.objc; path = AppDelegate.m; sourceTree = "<group>"; };
		117763762112F7B9006C461A /* Assets.xcassets */ = {isa = PBXFileReference; lastKnownFileType = folder.assetcatalog; path = Assets.xcassets; sourceTree = "<group>"; };
		117763792112F7B9006C461A /* Base */ = {isa = PBXFileReference; lastKnownFileType = file.storyboard; name = Base; path = Base.lproj/LaunchScreen.storyboard; sourceTree = "<group>"; };
		1177637B2112F7B9006C461A /* Info.plist */ = {isa = PBXFileReference; lastKnownFileType = text.plist.xml; path = Info.plist; sourceTree = "<group>"; };
		1177637C2112F7B9006C461A /* main.m */ = {isa = PBXFileReference; lastKnownFileType = sourcecode.c.objc; path = main.m; sourceTree = "<group>"; };
		117763822112F7B9006C461A /* PlayImageToolTests.xctest */ = {isa = PBXFileReference; explicitFileType = wrapper.cfbundle; includeInIndex = 0; path = PlayImageToolTests.xctest; sourceTree = BUILT_PRODUCTS_DIR; };
		117763862112F7B9006C461A /* PlayImageToolTests.m */ = {isa = PBXFileReference; lastKnownFileType = sourcecode.c.objc; path = PlayImageToolTests.m; sourceTree = "<group>"; };
		117763882112F7B9006C461A /* Info.plist */ = {isa = PBXFileReference; lastKnownFileType = text.plist.xml; path = Info.plist; sourceTree = "<group>"; };
		1177638D2112F7B9006C461A /* PlayImageToolUITests.xctest */ = {isa = PBXFileReference; explicitFileType = wrapper.cfbundle; includeInIndex = 0; path = PlayImageToolUITests.xctest; sourceTree = BUILT_PRODUCTS_DIR; };
		117763912112F7B9006C461A /* PlayImageToolUITests.m */ = {isa = PBXFileReference; lastKnownFileType = sourcecode.c.objc; path = PlayImageToolUITests.m; sourceTree = "<group>"; };
		117763932112F7B9006C461A /* Info.plist */ = {isa = PBXFileReference; lastKnownFileType = text.plist.xml; path = Info.plist; sourceTree = "<group>"; };
		117763A12112FD1B006C461A /* TouchMoveScaleView.h */ = {isa = PBXFileReference; fileEncoding = 4; lastKnownFileType = sourcecode.c.h; path = TouchMoveScaleView.h; sourceTree = "<group>"; };
		117763A22112FD1B006C461A /* TouchMoveScaleView.m */ = {isa = PBXFileReference; fileEncoding = 4; lastKnownFileType = sourcecode.c.objc; path = TouchMoveScaleView.m; sourceTree = "<group>"; };
		117763A72112FE85006C461A /* UIKit.framework */ = {isa = PBXFileReference; lastKnownFileType = wrapper.framework; name = UIKit.framework; path = System/Library/Frameworks/UIKit.framework; sourceTree = SDKROOT; };
		117763A92112FE8E006C461A /* Foundation.framework */ = {isa = PBXFileReference; lastKnownFileType = wrapper.framework; name = Foundation.framework; path = System/Library/Frameworks/Foundation.framework; sourceTree = SDKROOT; };
		117763AB2112FEA1006C461A /* CoreGraphics.framework */ = {isa = PBXFileReference; lastKnownFileType = wrapper.framework; name = CoreGraphics.framework; path = System/Library/Frameworks/CoreGraphics.framework; sourceTree = SDKROOT; };
		117763AD2112FEA8006C461A /* QuartzCore.framework */ = {isa = PBXFileReference; lastKnownFileType = wrapper.framework; name = QuartzCore.framework; path = System/Library/Frameworks/QuartzCore.framework; sourceTree = SDKROOT; };
		117763B02112FF92006C461A /* ImageUtil.h */ = {isa = PBXFileReference; fileEncoding = 4; lastKnownFileType = sourcecode.c.h; path = ImageUtil.h; sourceTree = "<group>"; };
		117763B12112FF92006C461A /* ImageProcessingViewController.h */ = {isa = PBXFileReference; fileEncoding = 4; lastKnownFileType = sourcecode.c.h; path = ImageProcessingViewController.h; sourceTree = "<group>"; };
		117763B22112FF92006C461A /* ImageProcessingViewController.m */ = {isa = PBXFileReference; fileEncoding = 4; lastKnownFileType = sourcecode.c.objc; path = ImageProcessingViewController.m; sourceTree = "<group>"; };
		117763B32112FF92006C461A /* ImageUtil.m */ = {isa = PBXFileReference; fileEncoding = 4; lastKnownFileType = sourcecode.c.objc; path = ImageUtil.m; sourceTree = "<group>"; };
		117763B62112FF99006C461A /* Icon.png */ = {isa = PBXFileReference; lastKnownFileType = image.png; path = Icon.png; sourceTree = "<group>"; };
		117763B8211301DF006C461A /* ImageProcessingViewController.xib */ = {isa = PBXFileReference; fileEncoding = 4; lastKnownFileType = file.xib; path = ImageProcessingViewController.xib; sourceTree = "<group>"; };
		11D3CE2A2113EAD200BA49BF /* XDNetRequestClass.h */ = {isa = PBXFileReference; fileEncoding = 4; lastKnownFileType = sourcecode.c.h; path = XDNetRequestClass.h; sourceTree = "<group>"; };
		11D3CE2B2113EAD300BA49BF /* XDNetRequestClass.m */ = {isa = PBXFileReference; fileEncoding = 4; lastKnownFileType = sourcecode.c.objc; path = XDNetRequestClass.m; sourceTree = "<group>"; };
		11D3CE2D2113EAF300BA49BF /* RequestUrlCommon.h */ = {isa = PBXFileReference; fileEncoding = 4; lastKnownFileType = sourcecode.c.h; path = RequestUrlCommon.h; sourceTree = "<group>"; };
		11D3CE2F211401FB00BA49BF /* XDSettingCtrl.h */ = {isa = PBXFileReference; lastKnownFileType = sourcecode.c.h; path = XDSettingCtrl.h; sourceTree = "<group>"; };
		11D3CE30211401FB00BA49BF /* XDSettingCtrl.m */ = {isa = PBXFileReference; lastKnownFileType = sourcecode.c.objc; path = XDSettingCtrl.m; sourceTree = "<group>"; };
		11D3CE32211408BA00BA49BF /* XDMoreCtrl.h */ = {isa = PBXFileReference; lastKnownFileType = sourcecode.c.h; path = XDMoreCtrl.h; sourceTree = "<group>"; };
		11D3CE33211408BA00BA49BF /* XDMoreCtrl.m */ = {isa = PBXFileReference; lastKnownFileType = sourcecode.c.objc; path = XDMoreCtrl.m; sourceTree = "<group>"; };
		11D3CE3621142CDD00BA49BF /* UMCommon.framework */ = {isa = PBXFileReference; lastKnownFileType = wrapper.framework; path = UMCommon.framework; sourceTree = "<group>"; };
		11D3CE3E21142DD500BA49BF /* libsqlite3.tbd */ = {isa = PBXFileReference; lastKnownFileType = "sourcecode.text-based-dylib-definition"; name = libsqlite3.tbd; path = usr/lib/libsqlite3.tbd; sourceTree = SDKROOT; };
		11D3CE4021142E0B00BA49BF /* SystemConfiguration.framework */ = {isa = PBXFileReference; lastKnownFileType = wrapper.framework; name = SystemConfiguration.framework; path = System/Library/Frameworks/SystemConfiguration.framework; sourceTree = SDKROOT; };
		11D3CE4221142E1400BA49BF /* CoreTelephony.framework */ = {isa = PBXFileReference; lastKnownFileType = wrapper.framework; name = CoreTelephony.framework; path = System/Library/Frameworks/CoreTelephony.framework; sourceTree = SDKROOT; };
		11D3CE4421142E3600BA49BF /* libc++.tbd */ = {isa = PBXFileReference; lastKnownFileType = "sourcecode.text-based-dylib-definition"; name = "libc++.tbd"; path = "usr/lib/libc++.tbd"; sourceTree = SDKROOT; };
		11D3CE4621142E4000BA49BF /* libz.tbd */ = {isa = PBXFileReference; lastKnownFileType = "sourcecode.text-based-dylib-definition"; name = libz.tbd; path = usr/lib/libz.tbd; sourceTree = SDKROOT; };
		11D3CE4821142E5A00BA49BF /* Photos.framework */ = {isa = PBXFileReference; lastKnownFileType = wrapper.framework; name = Photos.framework; path = System/Library/Frameworks/Photos.framework; sourceTree = SDKROOT; };
		11D3CE4A2114449700BA49BF /* XDShareSetFriendView.m */ = {isa = PBXFileReference; fileEncoding = 4; lastKnownFileType = sourcecode.c.objc; path = XDShareSetFriendView.m; sourceTree = "<group>"; };
		11D3CE4B2114449700BA49BF /* XDShareSetFriendView.h */ = {isa = PBXFileReference; fileEncoding = 4; lastKnownFileType = sourcecode.c.h; path = XDShareSetFriendView.h; sourceTree = "<group>"; };
		11D3CE4D211445C100BA49BF /* UIView+syCategory.h */ = {isa = PBXFileReference; fileEncoding = 4; lastKnownFileType = sourcecode.c.h; path = "UIView+syCategory.h"; sourceTree = "<group>"; };
		11D3CE4E211445CC00BA49BF /* UIView+syCategory.m */ = {isa = PBXFileReference; fileEncoding = 4; lastKnownFileType = sourcecode.c.objc; path = "UIView+syCategory.m"; sourceTree = "<group>"; };
		11D3CE5521144DB300BA49BF /* libSocialQQ.a */ = {isa = PBXFileReference; lastKnownFileType = archive.ar; path = libSocialQQ.a; sourceTree = "<group>"; };
		11D3CE5621144DB400BA49BF /* UMSocialQQHandler.h */ = {isa = PBXFileReference; fileEncoding = 4; lastKnownFileType = sourcecode.c.h; path = UMSocialQQHandler.h; sourceTree = "<group>"; };
		11D3CE5921144DC600BA49BF /* libSocialSina.a */ = {isa = PBXFileReference; lastKnownFileType = archive.ar; path = libSocialSina.a; sourceTree = "<group>"; };
		11D3CE5A21144DC700BA49BF /* UMSocialSinaHandler.h */ = {isa = PBXFileReference; fileEncoding = 4; lastKnownFileType = sourcecode.c.h; path = UMSocialSinaHandler.h; sourceTree = "<group>"; };
		11D3CE5D21144DDC00BA49BF /* libSocialWeChat.a */ = {isa = PBXFileReference; lastKnownFileType = archive.ar; path = libSocialWeChat.a; sourceTree = "<group>"; };
		11D3CE5E21144DDD00BA49BF /* UMSocialWechatHandler.h */ = {isa = PBXFileReference; fileEncoding = 4; lastKnownFileType = sourcecode.c.h; path = UMSocialWechatHandler.h; sourceTree = "<group>"; };
		11D3CE6021144DE900BA49BF /* UMShare.framework */ = {isa = PBXFileReference; lastKnownFileType = wrapper.framework; path = UMShare.framework; sourceTree = "<group>"; };
		11D3CE62211456B200BA49BF /* XDNavigationCtrl.h */ = {isa = PBXFileReference; lastKnownFileType = sourcecode.c.h; path = XDNavigationCtrl.h; sourceTree = "<group>"; };
		11D3CE63211456B200BA49BF /* XDNavigationCtrl.m */ = {isa = PBXFileReference; lastKnownFileType = sourcecode.c.objc; path = XDNavigationCtrl.m; sourceTree = "<group>"; };
		4A48ED5A9E60C88E862DF179 /* libPods-PlayImageTool.a */ = {isa = PBXFileReference; explicitFileType = archive.ar; includeInIndex = 0; path = "libPods-PlayImageTool.a"; sourceTree = BUILT_PRODUCTS_DIR; };
		A1889BF821134CFE003AAF87 /* ItemCell.m */ = {isa = PBXFileReference; fileEncoding = 4; lastKnownFileType = sourcecode.c.objc; path = ItemCell.m; sourceTree = "<group>"; };
		A1889BF921134CFE003AAF87 /* ItemModel.h */ = {isa = PBXFileReference; fileEncoding = 4; lastKnownFileType = sourcecode.c.h; path = ItemModel.h; sourceTree = "<group>"; };
		A1889BFA21134CFE003AAF87 /* ItemModel.m */ = {isa = PBXFileReference; fileEncoding = 4; lastKnownFileType = sourcecode.c.objc; path = ItemModel.m; sourceTree = "<group>"; };
		A1889BFB21134CFE003AAF87 /* ItemCell.h */ = {isa = PBXFileReference; fileEncoding = 4; lastKnownFileType = sourcecode.c.h; path = ItemCell.h; sourceTree = "<group>"; };
		A1889C0321134D80003AAF87 /* ViewController.h */ = {isa = PBXFileReference; fileEncoding = 4; lastKnownFileType = sourcecode.c.h; path = ViewController.h; sourceTree = "<group>"; };
		A1889C0421134D81003AAF87 /* ViewController.m */ = {isa = PBXFileReference; fileEncoding = 4; lastKnownFileType = sourcecode.c.objc; path = ViewController.m; sourceTree = "<group>"; };
		A1889C0E211352B9003AAF87 /* ViewController.storyboard */ = {isa = PBXFileReference; lastKnownFileType = file.storyboard; path = ViewController.storyboard; sourceTree = "<group>"; };
		BB88B35D4A6E86CE19931426 /* Pods-PlayImageTool.release.xcconfig */ = {isa = PBXFileReference; includeInIndex = 1; lastKnownFileType = text.xcconfig; name = "Pods-PlayImageTool.release.xcconfig"; path = "Pods/Target Support Files/Pods-PlayImageTool/Pods-PlayImageTool.release.xcconfig"; sourceTree = "<group>"; };
		F068DC76298A2617158EF03C /* Pods-PlayImageTool.debug.xcconfig */ = {isa = PBXFileReference; includeInIndex = 1; lastKnownFileType = text.xcconfig; name = "Pods-PlayImageTool.debug.xcconfig"; path = "Pods/Target Support Files/Pods-PlayImageTool/Pods-PlayImageTool.debug.xcconfig"; sourceTree = "<group>"; };
/* End PBXFileReference section */

/* Begin PBXFrameworksBuildPhase section */
		117763672112F7B5006C461A /* Frameworks */ = {
			isa = PBXFrameworksBuildPhase;
			buildActionMask = 2147483647;
			files = (
				11D3CE4921142E5B00BA49BF /* Photos.framework in Frameworks */,
				11D3CE5F21144DDD00BA49BF /* libSocialWeChat.a in Frameworks */,
				11D3CE6121144DE900BA49BF /* UMShare.framework in Frameworks */,
				11D3CE4721142E4000BA49BF /* libz.tbd in Frameworks */,
				11D3CE4521142E3600BA49BF /* libc++.tbd in Frameworks */,
				11D3CE5B21144DC700BA49BF /* libSocialSina.a in Frameworks */,
				11D3CE3F21142DD500BA49BF /* libsqlite3.tbd in Frameworks */,
				11D3CE4321142E1400BA49BF /* CoreTelephony.framework in Frameworks */,
				11D3CE4121142E0B00BA49BF /* SystemConfiguration.framework in Frameworks */,
				117763AC2112FEA1006C461A /* CoreGraphics.framework in Frameworks */,
				117763AE2112FEA8006C461A /* QuartzCore.framework in Frameworks */,
				117763AA2112FE8E006C461A /* Foundation.framework in Frameworks */,
				11D3CE3721142CDD00BA49BF /* UMCommon.framework in Frameworks */,
				117763A82112FE85006C461A /* UIKit.framework in Frameworks */,
				45D5FEA6D86FE0BF371B909C /* libPods-PlayImageTool.a in Frameworks */,
				11D3CE5721144DB500BA49BF /* libSocialQQ.a in Frameworks */,
			);
			runOnlyForDeploymentPostprocessing = 0;
		};
		1177637F2112F7B9006C461A /* Frameworks */ = {
			isa = PBXFrameworksBuildPhase;
			buildActionMask = 2147483647;
			files = (
			);
			runOnlyForDeploymentPostprocessing = 0;
		};
		1177638A2112F7B9006C461A /* Frameworks */ = {
			isa = PBXFrameworksBuildPhase;
			buildActionMask = 2147483647;
			files = (
			);
			runOnlyForDeploymentPostprocessing = 0;
		};
/* End PBXFrameworksBuildPhase section */

/* Begin PBXGroup section */
		117763612112F7B5006C461A = {
			isa = PBXGroup;
			children = (
				1177636C2112F7B5006C461A /* PlayImageTool */,
				117763852112F7B9006C461A /* PlayImageToolTests */,
				117763902112F7B9006C461A /* PlayImageToolUITests */,
				1177636B2112F7B5006C461A /* Products */,
				117763A62112FE84006C461A /* Frameworks */,
				939B2CEB6CC3E318DA80CEB8 /* Pods */,
			);
			sourceTree = "<group>";
		};
		1177636B2112F7B5006C461A /* Products */ = {
			isa = PBXGroup;
			children = (
				1177636A2112F7B5006C461A /* PlayImageTool.app */,
				117763822112F7B9006C461A /* PlayImageToolTests.xctest */,
				1177638D2112F7B9006C461A /* PlayImageToolUITests.xctest */,
			);
			name = Products;
			sourceTree = "<group>";
		};
		1177636C2112F7B5006C461A /* PlayImageTool */ = {
			isa = PBXGroup;
			children = (
				11D3CE3521142C2F00BA49BF /* youmengSDK */,
				11D3CE2E211401DC00BA49BF /* subs */,
				11D3CE292113EABA00BA49BF /* network */,
				A1889BF721134CED003AAF87 /* view */,
				117763AF2112FF79006C461A /* image */,
				117763A12112FD1B006C461A /* TouchMoveScaleView.h */,
				117763A22112FD1B006C461A /* TouchMoveScaleView.m */,
				A1889C0321134D80003AAF87 /* ViewController.h */,
				A1889C0421134D81003AAF87 /* ViewController.m */,
				A1889C0E211352B9003AAF87 /* ViewController.storyboard */,
				1177636D2112F7B5006C461A /* AppDelegate.h */,
				1177636E2112F7B5006C461A /* AppDelegate.m */,
				117763762112F7B9006C461A /* Assets.xcassets */,
				117763782112F7B9006C461A /* LaunchScreen.storyboard */,
				1177637B2112F7B9006C461A /* Info.plist */,
				1177637C2112F7B9006C461A /* main.m */,
			);
			path = PlayImageTool;
			sourceTree = "<group>";
		};
		117763852112F7B9006C461A /* PlayImageToolTests */ = {
			isa = PBXGroup;
			children = (
				117763862112F7B9006C461A /* PlayImageToolTests.m */,
				117763882112F7B9006C461A /* Info.plist */,
			);
			path = PlayImageToolTests;
			sourceTree = "<group>";
		};
		117763902112F7B9006C461A /* PlayImageToolUITests */ = {
			isa = PBXGroup;
			children = (
				117763912112F7B9006C461A /* PlayImageToolUITests.m */,
				117763932112F7B9006C461A /* Info.plist */,
			);
			path = PlayImageToolUITests;
			sourceTree = "<group>";
		};
		117763A62112FE84006C461A /* Frameworks */ = {
			isa = PBXGroup;
			children = (
				11D3CE4821142E5A00BA49BF /* Photos.framework */,
				11D3CE4621142E4000BA49BF /* libz.tbd */,
				11D3CE4421142E3600BA49BF /* libc++.tbd */,
				11D3CE4221142E1400BA49BF /* CoreTelephony.framework */,
				11D3CE4021142E0B00BA49BF /* SystemConfiguration.framework */,
				11D3CE3E21142DD500BA49BF /* libsqlite3.tbd */,
				117763AD2112FEA8006C461A /* QuartzCore.framework */,
				117763AB2112FEA1006C461A /* CoreGraphics.framework */,
				117763A92112FE8E006C461A /* Foundation.framework */,
				117763A72112FE85006C461A /* UIKit.framework */,
				4A48ED5A9E60C88E862DF179 /* libPods-PlayImageTool.a */,
			);
			name = Frameworks;
			sourceTree = "<group>";
		};
		117763AF2112FF79006C461A /* image */ = {
			isa = PBXGroup;
			children = (
				117763B62112FF99006C461A /* Icon.png */,
				117763B12112FF92006C461A /* ImageProcessingViewController.h */,
				117763B22112FF92006C461A /* ImageProcessingViewController.m */,
				117763B8211301DF006C461A /* ImageProcessingViewController.xib */,
				117763B02112FF92006C461A /* ImageUtil.h */,
				117763B32112FF92006C461A /* ImageUtil.m */,
			);
			path = image;
			sourceTree = "<group>";
		};
		11D3CE292113EABA00BA49BF /* network */ = {
			isa = PBXGroup;
			children = (
				11D3CE2D2113EAF300BA49BF /* RequestUrlCommon.h */,
				11D3CE2A2113EAD200BA49BF /* XDNetRequestClass.h */,
				11D3CE2B2113EAD300BA49BF /* XDNetRequestClass.m */,
			);
			path = network;
			sourceTree = "<group>";
		};
		11D3CE2E211401DC00BA49BF /* subs */ = {
			isa = PBXGroup;
			children = (
				11D3CE4D211445C100BA49BF /* UIView+syCategory.h */,
				11D3CE4E211445CC00BA49BF /* UIView+syCategory.m */,
				11D3CE4B2114449700BA49BF /* XDShareSetFriendView.h */,
				11D3CE4A2114449700BA49BF /* XDShareSetFriendView.m */,
				11D3CE2F211401FB00BA49BF /* XDSettingCtrl.h */,
				11D3CE30211401FB00BA49BF /* XDSettingCtrl.m */,
				11D3CE32211408BA00BA49BF /* XDMoreCtrl.h */,
				11D3CE33211408BA00BA49BF /* XDMoreCtrl.m */,
			);
			path = subs;
			sourceTree = "<group>";
		};
		11D3CE3521142C2F00BA49BF /* youmengSDK */ = {
			isa = PBXGroup;
			children = (
				11D3CE6021144DE900BA49BF /* UMShare.framework */,
				11D3CE5C21144DCB00BA49BF /* WeChat */,
				11D3CE5821144DB900BA49BF /* Sina */,
				11D3CE5421144D9A00BA49BF /* QQ */,
				11D3CE3621142CDD00BA49BF /* UMCommon.framework */,
			);
			path = youmengSDK;
			sourceTree = "<group>";
		};
		11D3CE5421144D9A00BA49BF /* QQ */ = {
			isa = PBXGroup;
			children = (
				11D3CE5521144DB300BA49BF /* libSocialQQ.a */,
				11D3CE5621144DB400BA49BF /* UMSocialQQHandler.h */,
			);
			path = QQ;
			sourceTree = "<group>";
		};
		11D3CE5821144DB900BA49BF /* Sina */ = {
			isa = PBXGroup;
			children = (
				11D3CE5921144DC600BA49BF /* libSocialSina.a */,
				11D3CE5A21144DC700BA49BF /* UMSocialSinaHandler.h */,
			);
			path = Sina;
			sourceTree = "<group>";
		};
		11D3CE5C21144DCB00BA49BF /* WeChat */ = {
			isa = PBXGroup;
			children = (
				11D3CE5D21144DDC00BA49BF /* libSocialWeChat.a */,
				11D3CE5E21144DDD00BA49BF /* UMSocialWechatHandler.h */,
			);
			path = WeChat;
			sourceTree = "<group>";
		};
		939B2CEB6CC3E318DA80CEB8 /* Pods */ = {
			isa = PBXGroup;
			children = (
				F068DC76298A2617158EF03C /* Pods-PlayImageTool.debug.xcconfig */,
				BB88B35D4A6E86CE19931426 /* Pods-PlayImageTool.release.xcconfig */,
			);
			name = Pods;
			sourceTree = "<group>";
		};
		A1889BF721134CED003AAF87 /* view */ = {
			isa = PBXGroup;
			children = (
				A1889BFB21134CFE003AAF87 /* ItemCell.h */,
				A1889BF821134CFE003AAF87 /* ItemCell.m */,
				A1889BF921134CFE003AAF87 /* ItemModel.h */,
				A1889BFA21134CFE003AAF87 /* ItemModel.m */,
				11D3CE62211456B200BA49BF /* XDNavigationCtrl.h */,
				11D3CE63211456B200BA49BF /* XDNavigationCtrl.m */,
			);
			path = view;
			sourceTree = "<group>";
		};
/* End PBXGroup section */

/* Begin PBXNativeTarget section */
		117763692112F7B5006C461A /* PlayImageTool */ = {
			isa = PBXNativeTarget;
			buildConfigurationList = 117763962112F7B9006C461A /* Build configuration list for PBXNativeTarget "PlayImageTool" */;
			buildPhases = (
				5FB0C8996D1C706702180E07 /* [CP] Check Pods Manifest.lock */,
				117763662112F7B5006C461A /* Sources */,
				117763672112F7B5006C461A /* Frameworks */,
				117763682112F7B5006C461A /* Resources */,
				F83C2AB7FDBA7E2717128E30 /* [CP] Copy Pods Resources */,
			);
			buildRules = (
			);
			dependencies = (
			);
			name = PlayImageTool;
			productName = PlayImageTool;
			productReference = 1177636A2112F7B5006C461A /* PlayImageTool.app */;
			productType = "com.apple.product-type.application";
		};
		117763812112F7B9006C461A /* PlayImageToolTests */ = {
			isa = PBXNativeTarget;
			buildConfigurationList = 117763992112F7B9006C461A /* Build configuration list for PBXNativeTarget "PlayImageToolTests" */;
			buildPhases = (
				1177637E2112F7B9006C461A /* Sources */,
				1177637F2112F7B9006C461A /* Frameworks */,
				117763802112F7B9006C461A /* Resources */,
			);
			buildRules = (
			);
			dependencies = (
				117763842112F7B9006C461A /* PBXTargetDependency */,
			);
			name = PlayImageToolTests;
			productName = PlayImageToolTests;
			productReference = 117763822112F7B9006C461A /* PlayImageToolTests.xctest */;
			productType = "com.apple.product-type.bundle.unit-test";
		};
		1177638C2112F7B9006C461A /* PlayImageToolUITests */ = {
			isa = PBXNativeTarget;
			buildConfigurationList = 1177639C2112F7B9006C461A /* Build configuration list for PBXNativeTarget "PlayImageToolUITests" */;
			buildPhases = (
				117763892112F7B9006C461A /* Sources */,
				1177638A2112F7B9006C461A /* Frameworks */,
				1177638B2112F7B9006C461A /* Resources */,
			);
			buildRules = (
			);
			dependencies = (
				1177638F2112F7B9006C461A /* PBXTargetDependency */,
			);
			name = PlayImageToolUITests;
			productName = PlayImageToolUITests;
			productReference = 1177638D2112F7B9006C461A /* PlayImageToolUITests.xctest */;
			productType = "com.apple.product-type.bundle.ui-testing";
		};
/* End PBXNativeTarget section */

/* Begin PBXProject section */
		117763622112F7B5006C461A /* Project object */ = {
			isa = PBXProject;
			attributes = {
				LastUpgradeCheck = 0940;
				ORGANIZATIONNAME = fdinc01;
				TargetAttributes = {
					117763692112F7B5006C461A = {
						CreatedOnToolsVersion = 9.4.1;
					};
					117763812112F7B9006C461A = {
						CreatedOnToolsVersion = 9.4.1;
						TestTargetID = 117763692112F7B5006C461A;
					};
					1177638C2112F7B9006C461A = {
						CreatedOnToolsVersion = 9.4.1;
						TestTargetID = 117763692112F7B5006C461A;
					};
				};
			};
			buildConfigurationList = 117763652112F7B5006C461A /* Build configuration list for PBXProject "PlayImageTool" */;
			compatibilityVersion = "Xcode 9.3";
			developmentRegion = en;
			hasScannedForEncodings = 0;
			knownRegions = (
				en,
				Base,
			);
			mainGroup = 117763612112F7B5006C461A;
			productRefGroup = 1177636B2112F7B5006C461A /* Products */;
			projectDirPath = "";
			projectRoot = "";
			targets = (
				117763692112F7B5006C461A /* PlayImageTool */,
				117763812112F7B9006C461A /* PlayImageToolTests */,
				1177638C2112F7B9006C461A /* PlayImageToolUITests */,
			);
		};
/* End PBXProject section */

/* Begin PBXResourcesBuildPhase section */
		117763682112F7B5006C461A /* Resources */ = {
			isa = PBXResourcesBuildPhase;
			buildActionMask = 2147483647;
			files = (
				1177637A2112F7B9006C461A /* LaunchScreen.storyboard in Resources */,
				117763B9211301DF006C461A /* ImageProcessingViewController.xib in Resources */,
				117763772112F7B9006C461A /* Assets.xcassets in Resources */,
				117763B72112FF99006C461A /* Icon.png in Resources */,
				A1889C0F211352B9003AAF87 /* ViewController.storyboard in Resources */,
			);
			runOnlyForDeploymentPostprocessing = 0;
		};
		117763802112F7B9006C461A /* Resources */ = {
			isa = PBXResourcesBuildPhase;
			buildActionMask = 2147483647;
			files = (
			);
			runOnlyForDeploymentPostprocessing = 0;
		};
		1177638B2112F7B9006C461A /* Resources */ = {
			isa = PBXResourcesBuildPhase;
			buildActionMask = 2147483647;
			files = (
			);
			runOnlyForDeploymentPostprocessing = 0;
		};
/* End PBXResourcesBuildPhase section */

/* Begin PBXShellScriptBuildPhase section */
		5FB0C8996D1C706702180E07 /* [CP] Check Pods Manifest.lock */ = {
			isa = PBXShellScriptBuildPhase;
			buildActionMask = 2147483647;
			files = (
			);
			inputPaths = (
				"${PODS_PODFILE_DIR_PATH}/Podfile.lock",
				"${PODS_ROOT}/Manifest.lock",
			);
			name = "[CP] Check Pods Manifest.lock";
			outputPaths = (
				"$(DERIVED_FILE_DIR)/Pods-PlayImageTool-checkManifestLockResult.txt",
			);
			runOnlyForDeploymentPostprocessing = 0;
			shellPath = /bin/sh;
			shellScript = "diff \"${PODS_PODFILE_DIR_PATH}/Podfile.lock\" \"${PODS_ROOT}/Manifest.lock\" > /dev/null\nif [ $? != 0 ] ; then\n    # print error to STDERR\n    echo \"error: The sandbox is not in sync with the Podfile.lock. Run 'pod install' or update your CocoaPods installation.\" >&2\n    exit 1\nfi\n# This output is used by Xcode 'outputs' to avoid re-running this script phase.\necho \"SUCCESS\" > \"${SCRIPT_OUTPUT_FILE_0}\"\n";
			showEnvVarsInLog = 0;
		};
		F83C2AB7FDBA7E2717128E30 /* [CP] Copy Pods Resources */ = {
			isa = PBXShellScriptBuildPhase;
			buildActionMask = 2147483647;
			files = (
			);
			inputPaths = (
				"${SRCROOT}/Pods/Target Support Files/Pods-PlayImageTool/Pods-PlayImageTool-resources.sh",
				"${PODS_ROOT}/MJRefresh/MJRefresh/MJRefresh.bundle",
				"${PODS_ROOT}/SVProgressHUD-0.8.1/SVProgressHUD/SVProgressHUD.bundle",
			);
			name = "[CP] Copy Pods Resources";
			outputPaths = (
				"${TARGET_BUILD_DIR}/${UNLOCALIZED_RESOURCES_FOLDER_PATH}/MJRefresh.bundle",
				"${TARGET_BUILD_DIR}/${UNLOCALIZED_RESOURCES_FOLDER_PATH}/SVProgressHUD.bundle",
			);
			runOnlyForDeploymentPostprocessing = 0;
			shellPath = /bin/sh;
			shellScript = "\"${SRCROOT}/Pods/Target Support Files/Pods-PlayImageTool/Pods-PlayImageTool-resources.sh\"\n";
			showEnvVarsInLog = 0;
		};
/* End PBXShellScriptBuildPhase section */

/* Begin PBXSourcesBuildPhase section */
		117763662112F7B5006C461A /* Sources */ = {
			isa = PBXSourcesBuildPhase;
			buildActionMask = 2147483647;
			files = (
				117763A32112FD1B006C461A /* TouchMoveScaleView.m in Sources */,
				11D3CE31211401FB00BA49BF /* XDSettingCtrl.m in Sources */,
				117763B52112FF92006C461A /* ImageUtil.m in Sources */,
				A1889C0521134D81003AAF87 /* ViewController.m in Sources */,
				11D3CE64211456B200BA49BF /* XDNavigationCtrl.m in Sources */,
				11D3CE2C2113EAD700BA49BF /* XDNetRequestClass.m in Sources */,
				A1889BFC21134CFE003AAF87 /* ItemCell.m in Sources */,
				1177637D2112F7B9006C461A /* main.m in Sources */,
				11D3CE4C2114449700BA49BF /* XDShareSetFriendView.m in Sources */,
				11D3CE4F211445CC00BA49BF /* UIView+syCategory.m in Sources */,
				117763B42112FF92006C461A /* ImageProcessingViewController.m in Sources */,
				A1889BFD21134CFE003AAF87 /* ItemModel.m in Sources */,
				1177636F2112F7B5006C461A /* AppDelegate.m in Sources */,
				11D3CE34211408BA00BA49BF /* XDMoreCtrl.m in Sources */,
			);
			runOnlyForDeploymentPostprocessing = 0;
		};
		1177637E2112F7B9006C461A /* Sources */ = {
			isa = PBXSourcesBuildPhase;
			buildActionMask = 2147483647;
			files = (
				117763872112F7B9006C461A /* PlayImageToolTests.m in Sources */,
			);
			runOnlyForDeploymentPostprocessing = 0;
		};
		117763892112F7B9006C461A /* Sources */ = {
			isa = PBXSourcesBuildPhase;
			buildActionMask = 2147483647;
			files = (
				117763922112F7B9006C461A /* PlayImageToolUITests.m in Sources */,
			);
			runOnlyForDeploymentPostprocessing = 0;
		};
/* End PBXSourcesBuildPhase section */

/* Begin PBXTargetDependency section */
		117763842112F7B9006C461A /* PBXTargetDependency */ = {
			isa = PBXTargetDependency;
			target = 117763692112F7B5006C461A /* PlayImageTool */;
			targetProxy = 117763832112F7B9006C461A /* PBXContainerItemProxy */;
		};
		1177638F2112F7B9006C461A /* PBXTargetDependency */ = {
			isa = PBXTargetDependency;
			target = 117763692112F7B5006C461A /* PlayImageTool */;
			targetProxy = 1177638E2112F7B9006C461A /* PBXContainerItemProxy */;
		};
/* End PBXTargetDependency section */

/* Begin PBXVariantGroup section */
		117763782112F7B9006C461A /* LaunchScreen.storyboard */ = {
			isa = PBXVariantGroup;
			children = (
				117763792112F7B9006C461A /* Base */,
			);
			name = LaunchScreen.storyboard;
			sourceTree = "<group>";
		};
/* End PBXVariantGroup section */

/* Begin XCBuildConfiguration section */
		117763942112F7B9006C461A /* Debug */ = {
			isa = XCBuildConfiguration;
			buildSettings = {
				ALWAYS_SEARCH_USER_PATHS = NO;
				CLANG_ANALYZER_NONNULL = YES;
				CLANG_ANALYZER_NUMBER_OBJECT_CONVERSION = YES_AGGRESSIVE;
				CLANG_CXX_LANGUAGE_STANDARD = "gnu++14";
				CLANG_CXX_LIBRARY = "libc++";
				CLANG_ENABLE_MODULES = YES;
				CLANG_ENABLE_OBJC_ARC = YES;
				CLANG_ENABLE_OBJC_WEAK = YES;
				CLANG_WARN_BLOCK_CAPTURE_AUTORELEASING = YES;
				CLANG_WARN_BOOL_CONVERSION = YES;
				CLANG_WARN_COMMA = YES;
				CLANG_WARN_CONSTANT_CONVERSION = YES;
				CLANG_WARN_DEPRECATED_OBJC_IMPLEMENTATIONS = YES;
				CLANG_WARN_DIRECT_OBJC_ISA_USAGE = YES_ERROR;
				CLANG_WARN_DOCUMENTATION_COMMENTS = YES;
				CLANG_WARN_EMPTY_BODY = YES;
				CLANG_WARN_ENUM_CONVERSION = YES;
				CLANG_WARN_INFINITE_RECURSION = YES;
				CLANG_WARN_INT_CONVERSION = YES;
				CLANG_WARN_NON_LITERAL_NULL_CONVERSION = YES;
				CLANG_WARN_OBJC_IMPLICIT_RETAIN_SELF = YES;
				CLANG_WARN_OBJC_LITERAL_CONVERSION = YES;
				CLANG_WARN_OBJC_ROOT_CLASS = YES_ERROR;
				CLANG_WARN_RANGE_LOOP_ANALYSIS = YES;
				CLANG_WARN_STRICT_PROTOTYPES = YES;
				CLANG_WARN_SUSPICIOUS_MOVE = YES;
				CLANG_WARN_UNGUARDED_AVAILABILITY = YES_AGGRESSIVE;
				CLANG_WARN_UNREACHABLE_CODE = YES;
				CLANG_WARN__DUPLICATE_METHOD_MATCH = YES;
				CODE_SIGN_IDENTITY = "iPhone Developer";
				COPY_PHASE_STRIP = NO;
				DEBUG_INFORMATION_FORMAT = dwarf;
				ENABLE_STRICT_OBJC_MSGSEND = YES;
				ENABLE_TESTABILITY = YES;
				GCC_C_LANGUAGE_STANDARD = gnu11;
				GCC_DYNAMIC_NO_PIC = NO;
				GCC_NO_COMMON_BLOCKS = YES;
				GCC_OPTIMIZATION_LEVEL = 0;
				GCC_PREPROCESSOR_DEFINITIONS = (
					"DEBUG=1",
					"$(inherited)",
				);
				GCC_WARN_64_TO_32_BIT_CONVERSION = YES;
				GCC_WARN_ABOUT_RETURN_TYPE = YES_ERROR;
				GCC_WARN_UNDECLARED_SELECTOR = YES;
				GCC_WARN_UNINITIALIZED_AUTOS = YES_AGGRESSIVE;
				GCC_WARN_UNUSED_FUNCTION = YES;
				GCC_WARN_UNUSED_VARIABLE = YES;
				IPHONEOS_DEPLOYMENT_TARGET = 11.4;
				MTL_ENABLE_DEBUG_INFO = YES;
				ONLY_ACTIVE_ARCH = YES;
				SDKROOT = iphoneos;
			};
			name = Debug;
		};
		117763952112F7B9006C461A /* Release */ = {
			isa = XCBuildConfiguration;
			buildSettings = {
				ALWAYS_SEARCH_USER_PATHS = NO;
				CLANG_ANALYZER_NONNULL = YES;
				CLANG_ANALYZER_NUMBER_OBJECT_CONVERSION = YES_AGGRESSIVE;
				CLANG_CXX_LANGUAGE_STANDARD = "gnu++14";
				CLANG_CXX_LIBRARY = "libc++";
				CLANG_ENABLE_MODULES = YES;
				CLANG_ENABLE_OBJC_ARC = YES;
				CLANG_ENABLE_OBJC_WEAK = YES;
				CLANG_WARN_BLOCK_CAPTURE_AUTORELEASING = YES;
				CLANG_WARN_BOOL_CONVERSION = YES;
				CLANG_WARN_COMMA = YES;
				CLANG_WARN_CONSTANT_CONVERSION = YES;
				CLANG_WARN_DEPRECATED_OBJC_IMPLEMENTATIONS = YES;
				CLANG_WARN_DIRECT_OBJC_ISA_USAGE = YES_ERROR;
				CLANG_WARN_DOCUMENTATION_COMMENTS = YES;
				CLANG_WARN_EMPTY_BODY = YES;
				CLANG_WARN_ENUM_CONVERSION = YES;
				CLANG_WARN_INFINITE_RECURSION = YES;
				CLANG_WARN_INT_CONVERSION = YES;
				CLANG_WARN_NON_LITERAL_NULL_CONVERSION = YES;
				CLANG_WARN_OBJC_IMPLICIT_RETAIN_SELF = YES;
				CLANG_WARN_OBJC_LITERAL_CONVERSION = YES;
				CLANG_WARN_OBJC_ROOT_CLASS = YES_ERROR;
				CLANG_WARN_RANGE_LOOP_ANALYSIS = YES;
				CLANG_WARN_STRICT_PROTOTYPES = YES;
				CLANG_WARN_SUSPICIOUS_MOVE = YES;
				CLANG_WARN_UNGUARDED_AVAILABILITY = YES_AGGRESSIVE;
				CLANG_WARN_UNREACHABLE_CODE = YES;
				CLANG_WARN__DUPLICATE_METHOD_MATCH = YES;
				CODE_SIGN_IDENTITY = "iPhone Developer";
				COPY_PHASE_STRIP = NO;
				DEBUG_INFORMATION_FORMAT = "dwarf-with-dsym";
				ENABLE_NS_ASSERTIONS = NO;
				ENABLE_STRICT_OBJC_MSGSEND = YES;
				GCC_C_LANGUAGE_STANDARD = gnu11;
				GCC_NO_COMMON_BLOCKS = YES;
				GCC_WARN_64_TO_32_BIT_CONVERSION = YES;
				GCC_WARN_ABOUT_RETURN_TYPE = YES_ERROR;
				GCC_WARN_UNDECLARED_SELECTOR = YES;
				GCC_WARN_UNINITIALIZED_AUTOS = YES_AGGRESSIVE;
				GCC_WARN_UNUSED_FUNCTION = YES;
				GCC_WARN_UNUSED_VARIABLE = YES;
				IPHONEOS_DEPLOYMENT_TARGET = 11.4;
				MTL_ENABLE_DEBUG_INFO = NO;
				SDKROOT = iphoneos;
				VALIDATE_PRODUCT = YES;
			};
			name = Release;
		};
		117763972112F7B9006C461A /* Debug */ = {
			isa = XCBuildConfiguration;
			baseConfigurationReference = F068DC76298A2617158EF03C /* Pods-PlayImageTool.debug.xcconfig */;
			buildSettings = {
				ASSETCATALOG_COMPILER_APPICON_NAME = AppIcon;
				CODE_SIGN_STYLE = Automatic;
				DEVELOPMENT_TEAM = R868642T38;
				FRAMEWORK_SEARCH_PATHS = (
					"$(inherited)",
					"$(PROJECT_DIR)/PlayImageTool/youmengSDK",
					"$(PROJECT_DIR)",
				);
				INFOPLIST_FILE = PlayImageTool/Info.plist;
				IPHONEOS_DEPLOYMENT_TARGET = 8.0;
				LD_RUNPATH_SEARCH_PATHS = (
					"$(inherited)",
					"@executable_path/Frameworks",
				);
				LIBRARY_SEARCH_PATHS = (
					"$(inherited)",
					"$(PROJECT_DIR)/PlayImageTool/youmengSDK/QQ",
					"$(PROJECT_DIR)/PlayImageTool/youmengSDK/Sina",
					"$(PROJECT_DIR)/PlayImageTool/youmengSDK/WeChat",
				);
				PRODUCT_BUNDLE_IDENTIFIER = Atrialnetwork.PlayImageTool;
				PRODUCT_NAME = "$(TARGET_NAME)";
				TARGETED_DEVICE_FAMILY = "1,2";
			};
			name = Debug;
		};
		117763982112F7B9006C461A /* Release */ = {
			isa = XCBuildConfiguration;
			baseConfigurationReference = BB88B35D4A6E86CE19931426 /* Pods-PlayImageTool.release.xcconfig */;
			buildSettings = {
				ASSETCATALOG_COMPILER_APPICON_NAME = AppIcon;
				CODE_SIGN_STYLE = Automatic;
				DEVELOPMENT_TEAM = R868642T38;
				FRAMEWORK_SEARCH_PATHS = (
					"$(inherited)",
					"$(PROJECT_DIR)/PlayImageTool/youmengSDK",
					"$(PROJECT_DIR)",
				);
				INFOPLIST_FILE = PlayImageTool/Info.plist;
				IPHONEOS_DEPLOYMENT_TARGET = 8.0;
				LD_RUNPATH_SEARCH_PATHS = (
					"$(inherited)",
					"@executable_path/Frameworks",
				);
				LIBRARY_SEARCH_PATHS = (
					"$(inherited)",
					"$(PROJECT_DIR)/PlayImageTool/youmengSDK/QQ",
					"$(PROJECT_DIR)/PlayImageTool/youmengSDK/Sina",
					"$(PROJECT_DIR)/PlayImageTool/youmengSDK/WeChat",
				);
				PRODUCT_BUNDLE_IDENTIFIER = Atrialnetwork.PlayImageTool;
				PRODUCT_NAME = "$(TARGET_NAME)";
				TARGETED_DEVICE_FAMILY = "1,2";
			};
			name = Release;
		};
		1177639A2112F7B9006C461A /* Debug */ = {
			isa = XCBuildConfiguration;
			buildSettings = {
				BUNDLE_LOADER = "$(TEST_HOST)";
				CODE_SIGN_STYLE = Automatic;
				INFOPLIST_FILE = PlayImageToolTests/Info.plist;
				LD_RUNPATH_SEARCH_PATHS = (
					"$(inherited)",
					"@executable_path/Frameworks",
					"@loader_path/Frameworks",
				);
				PRODUCT_BUNDLE_IDENTIFIER = Atrialnetwork.PlayImageToolTests;
				PRODUCT_NAME = "$(TARGET_NAME)";
				TARGETED_DEVICE_FAMILY = "1,2";
				TEST_HOST = "$(BUILT_PRODUCTS_DIR)/PlayImageTool.app/PlayImageTool";
			};
			name = Debug;
		};
		1177639B2112F7B9006C461A /* Release */ = {
			isa = XCBuildConfiguration;
			buildSettings = {
				BUNDLE_LOADER = "$(TEST_HOST)";
				CODE_SIGN_STYLE = Automatic;
				INFOPLIST_FILE = PlayImageToolTests/Info.plist;
				LD_RUNPATH_SEARCH_PATHS = (
					"$(inherited)",
					"@executable_path/Frameworks",
					"@loader_path/Frameworks",
				);
				PRODUCT_BUNDLE_IDENTIFIER = Atrialnetwork.PlayImageToolTests;
				PRODUCT_NAME = "$(TARGET_NAME)";
				TARGETED_DEVICE_FAMILY = "1,2";
				TEST_HOST = "$(BUILT_PRODUCTS_DIR)/PlayImageTool.app/PlayImageTool";
			};
			name = Release;
		};
		1177639D2112F7B9006C461A /* Debug */ = {
			isa = XCBuildConfiguration;
			buildSettings = {
				CODE_SIGN_STYLE = Automatic;
				INFOPLIST_FILE = PlayImageToolUITests/Info.plist;
				LD_RUNPATH_SEARCH_PATHS = (
					"$(inherited)",
					"@executable_path/Frameworks",
					"@loader_path/Frameworks",
				);
				PRODUCT_BUNDLE_IDENTIFIER = Atrialnetwork.PlayImageToolUITests;
				PRODUCT_NAME = "$(TARGET_NAME)";
				TARGETED_DEVICE_FAMILY = "1,2";
				TEST_TARGET_NAME = PlayImageTool;
			};
			name = Debug;
		};
		1177639E2112F7B9006C461A /* Release */ = {
			isa = XCBuildConfiguration;
			buildSettings = {
				CODE_SIGN_STYLE = Automatic;
				INFOPLIST_FILE = PlayImageToolUITests/Info.plist;
				LD_RUNPATH_SEARCH_PATHS = (
					"$(inherited)",
					"@executable_path/Frameworks",
					"@loader_path/Frameworks",
				);
				PRODUCT_BUNDLE_IDENTIFIER = Atrialnetwork.PlayImageToolUITests;
				PRODUCT_NAME = "$(TARGET_NAME)";
				TARGETED_DEVICE_FAMILY = "1,2";
				TEST_TARGET_NAME = PlayImageTool;
			};
			name = Release;
		};
/* End XCBuildConfiguration section */

/* Begin XCConfigurationList section */
		117763652112F7B5006C461A /* Build configuration list for PBXProject "PlayImageTool" */ = {
			isa = XCConfigurationList;
			buildConfigurations = (
				117763942112F7B9006C461A /* Debug */,
				117763952112F7B9006C461A /* Release */,
			);
			defaultConfigurationIsVisible = 0;
			defaultConfigurationName = Release;
		};
		117763962112F7B9006C461A /* Build configuration list for PBXNativeTarget "PlayImageTool" */ = {
			isa = XCConfigurationList;
			buildConfigurations = (
				117763972112F7B9006C461A /* Debug */,
				117763982112F7B9006C461A /* Release */,
			);
			defaultConfigurationIsVisible = 0;
			defaultConfigurationName = Release;
		};
		117763992112F7B9006C461A /* Build configuration list for PBXNativeTarget "PlayImageToolTests" */ = {
			isa = XCConfigurationList;
			buildConfigurations = (
				1177639A2112F7B9006C461A /* Debug */,
				1177639B2112F7B9006C461A /* Release */,
			);
			defaultConfigurationIsVisible = 0;
			defaultConfigurationName = Release;
		};
		1177639C2112F7B9006C461A /* Build configuration list for PBXNativeTarget "PlayImageToolUITests" */ = {
			isa = XCConfigurationList;
			buildConfigurations = (
				1177639D2112F7B9006C461A /* Debug */,
				1177639E2112F7B9006C461A /* Release */,
			);
			defaultConfigurationIsVisible = 0;
			defaultConfigurationName = Release;
		};
/* End XCConfigurationList section */
	};
	rootObject = 117763622112F7B5006C461A /* Project object */;
}
